
Microsoft Visual Studio Solution File, Format Version 12.00
# Visual Studio Version 17
VisualStudioVersion = 17.5.33530.505
MinimumVisualStudioVersion = 10.0.40219.1
Project("{9A19103F-16F7-4668-BE54-9A1E7A4F7556}") = "Dev.IO.Business", "src\Dev.IO.Business\Dev.IO.Business.csproj", "{EB7ACF23-E2F0-4F8F-9791-DC0BDFF1850B}"
EndProject
Project("{9A19103F-16F7-4668-BE54-9A1E7A4F7556}") = "Dev.IO.Data", "src\Dev.IO.Data\Dev.IO.Data.csproj", "{B9F7E935-D230-419A-A4E6-972137214706}"
EndProject
Project("{FAE04EC0-301F-11D3-BF4B-00C04F79EFBC}") = "Dev.IO.App", "src\Dev.IO.App\Dev.IO.App.csproj", "{A84D1FCD-0A4F-4C41-ADBE-AE3670D8DAD2}"
EndProject
Global
	GlobalSection(SolutionConfigurationPlatforms) = preSolution
		Debug|Any CPU = Debug|Any CPU
		Release|Any CPU = Release|Any CPU
	EndGlobalSection
	GlobalSection(ProjectConfigurationPlatforms) = postSolution
		{EB7ACF23-E2F0-4F8F-9791-DC0BDFF1850B}.Debug|Any CPU.ActiveCfg = Debug|Any CPU
		{EB7ACF23-E2F0-4F8F-9791-DC0BDFF1850B}.Debug|Any CPU.Build.0 = Debug|Any CPU
		{EB7ACF23-E2F0-4F8F-9791-DC0BDFF1850B}.Release|Any CPU.ActiveCfg = Release|Any CPU
		{EB7ACF23-E2F0-4F8F-9791-DC0BDFF1850B}.Release|Any CPU.Build.0 = Release|Any CPU
		{B9F7E935-D230-419A-A4E6-972137214706}.Debug|Any CPU.ActiveCfg = Debug|Any CPU
		{B9F7E935-D230-419A-A4E6-972137214706}.Debug|Any CPU.Build.0 = Debug|Any CPU
		{B9F7E935-D230-419A-A4E6-972137214706}.Release|Any CPU.ActiveCfg = Release|Any CPU
		{B9F7E935-D230-419A-A4E6-972137214706}.Release|Any CPU.Build.0 = Release|Any CPU
		{A84D1FCD-0A4F-4C41-ADBE-AE3670D8DAD2}.Debug|Any CPU.ActiveCfg = Debug|Any CPU
		{A84D1FCD-0A4F-4C41-ADBE-AE3670D8DAD2}.Debug|Any CPU.Build.0 = Debug|Any CPU
		{A84D1FCD-0A4F-4C41-ADBE-AE3670D8DAD2}.Release|Any CPU.ActiveCfg = Release|Any CPU
		{A84D1FCD-0A4F-4C41-ADBE-AE3670D8DAD2}.Release|Any CPU.Build.0 = Release|Any CPU
	EndGlobalSection
	GlobalSection(SolutionProperties) = preSolution
		HideSolutionNode = FALSE
	EndGlobalSection
	GlobalSection(ExtensibilityGlobals) = postSolution
		SolutionGuid = {B77EB2FF-90EC-4AD0-AD30-5B8E3BB1280F}
	EndGlobalSection
EndGlobal
